
Microsoft Visual Studio Solution File, Format Version 12.00
# Visual Studio Version 16
VisualStudioVersion = 16.0.30503.244
MinimumVisualStudioVersion = 10.0.40219.1
Project("{FAE04EC0-301F-11D3-BF4B-00C04F79EFBC}") = "고시프 프로젝트", "고시프 프로젝트\고시프 프로젝트.csproj", "{056367DE-A303-4E42-8DA9-448BCE610A1E}"
EndProject
Global
	GlobalSection(SolutionConfigurationPlatforms) = preSolution
		Debug|Any CPU = Debug|Any CPU
		Release|Any CPU = Release|Any CPU
	EndGlobalSection
	GlobalSection(ProjectConfigurationPlatforms) = postSolution
		{056367DE-A303-4E42-8DA9-448BCE610A1E}.Debug|Any CPU.ActiveCfg = Debug|Any CPU
		{056367DE-A303-4E42-8DA9-448BCE610A1E}.Debug|Any CPU.Build.0 = Debug|Any CPU
		{056367DE-A303-4E42-8DA9-448BCE610A1E}.Release|Any CPU.ActiveCfg = Release|Any CPU
		{056367DE-A303-4E42-8DA9-448BCE610A1E}.Release|Any CPU.Build.0 = Release|Any CPU
	EndGlobalSection
	GlobalSection(SolutionProperties) = preSolution
		HideSolutionNode = FALSE
	EndGlobalSection
	GlobalSection(ExtensibilityGlobals) = postSolution
		SolutionGuid = {2B49856D-F0B1-4042-A652-A05F97E3EBD2}
	EndGlobalSection
EndGlobal
